
Microsoft Visual Studio Solution File, Format Version 12.00
# Visual Studio Version 17
VisualStudioVersion = 17.1.32328.378
MinimumVisualStudioVersion = 10.0.40219.1
Project("{FAE04EC0-301F-11D3-BF4B-00C04F79EFBC}") = "Joe's HotDog Shack", "Joe's HotDog Shack\Joe's HotDog Shack.csproj", "{7E00077D-6D88-4252-8119-7588027544A2}"
EndProject
Global
	GlobalSection(SolutionConfigurationPlatforms) = preSolution
		Debug|Any CPU = Debug|Any CPU
		Release|Any CPU = Release|Any CPU
	EndGlobalSection
	GlobalSection(ProjectConfigurationPlatforms) = postSolution
		{7E00077D-6D88-4252-8119-7588027544A2}.Debug|Any CPU.ActiveCfg = Debug|Any CPU
		{7E00077D-6D88-4252-8119-7588027544A2}.Debug|Any CPU.Build.0 = Debug|Any CPU
		{7E00077D-6D88-4252-8119-7588027544A2}.Release|Any CPU.ActiveCfg = Release|Any CPU
		{7E00077D-6D88-4252-8119-7588027544A2}.Release|Any CPU.Build.0 = Release|Any CPU
	EndGlobalSection
	GlobalSection(SolutionProperties) = preSolution
		HideSolutionNode = FALSE
	EndGlobalSection
	GlobalSection(ExtensibilityGlobals) = postSolution
		SolutionGuid = {7FB63364-EF73-41D9-9D22-1621E3D469AA}
	EndGlobalSection
EndGlobal
